
Microsoft Visual Studio Solution File, Format Version 12.00
# Visual Studio Version 17
VisualStudioVersion = 17.4.33403.182
MinimumVisualStudioVersion = 10.0.40219.1
Project("{FAE04EC0-301F-11D3-BF4B-00C04F79EFBC}") = "WO01", "WO01\WO01.csproj", "{BD5CEB2D-B12B-4CF9-A6C1-390D5F904879}"
EndProject
Project("{FAE04EC0-301F-11D3-BF4B-00C04F79EFBC}") = "Wo02", "Wo02\Wo02.csproj", "{B8513215-2285-4F1E-BC0F-4BF5385A6759}"
EndProject
Project("{FAE04EC0-301F-11D3-BF4B-00C04F79EFBC}") = "WO03", "WO03\WO03.csproj", "{9CE2A5E0-2C0A-4D57-BB1E-C271B472E77A}"
EndProject
Project("{FAE04EC0-301F-11D3-BF4B-00C04F79EFBC}") = "WO04", "WO04\WO04.csproj", "{E113202F-D843-47AB-A237-B6494B62AC10}"
EndProject
Project("{FAE04EC0-301F-11D3-BF4B-00C04F79EFBC}") = "UrunTakipKayit", "UrunTakipKayit\UrunTakipKayit.csproj", "{141414BF-AC52-4A9B-B759-F404251D9334}"
EndProject
Project("{FAE04EC0-301F-11D3-BF4B-00C04F79EFBC}") = "AdoNetEx", "AdoNetEx\AdoNetEx.csproj", "{C79994F0-E27B-433D-B52E-4CB8EE8AE71A}"
EndProject
Project("{FAE04EC0-301F-11D3-BF4B-00C04F79EFBC}") = "UrunTakipEntity", "UrunTakipEntity\UrunTakipEntity.csproj", "{89D94A3A-6E7B-4E08-9319-FC027D7707CB}"
EndProject
Global
	GlobalSection(SolutionConfigurationPlatforms) = preSolution
		Debug|Any CPU = Debug|Any CPU
		Release|Any CPU = Release|Any CPU
	EndGlobalSection
	GlobalSection(ProjectConfigurationPlatforms) = postSolution
		{BD5CEB2D-B12B-4CF9-A6C1-390D5F904879}.Debug|Any CPU.ActiveCfg = Debug|Any CPU
		{BD5CEB2D-B12B-4CF9-A6C1-390D5F904879}.Debug|Any CPU.Build.0 = Debug|Any CPU
		{BD5CEB2D-B12B-4CF9-A6C1-390D5F904879}.Release|Any CPU.ActiveCfg = Release|Any CPU
		{BD5CEB2D-B12B-4CF9-A6C1-390D5F904879}.Release|Any CPU.Build.0 = Release|Any CPU
		{B8513215-2285-4F1E-BC0F-4BF5385A6759}.Debug|Any CPU.ActiveCfg = Debug|Any CPU
		{B8513215-2285-4F1E-BC0F-4BF5385A6759}.Debug|Any CPU.Build.0 = Debug|Any CPU
		{B8513215-2285-4F1E-BC0F-4BF5385A6759}.Release|Any CPU.ActiveCfg = Release|Any CPU
		{B8513215-2285-4F1E-BC0F-4BF5385A6759}.Release|Any CPU.Build.0 = Release|Any CPU
		{9CE2A5E0-2C0A-4D57-BB1E-C271B472E77A}.Debug|Any CPU.ActiveCfg = Debug|Any CPU
		{9CE2A5E0-2C0A-4D57-BB1E-C271B472E77A}.Debug|Any CPU.Build.0 = Debug|Any CPU
		{9CE2A5E0-2C0A-4D57-BB1E-C271B472E77A}.Release|Any CPU.ActiveCfg = Release|Any CPU
		{9CE2A5E0-2C0A-4D57-BB1E-C271B472E77A}.Release|Any CPU.Build.0 = Release|Any CPU
		{E113202F-D843-47AB-A237-B6494B62AC10}.Debug|Any CPU.ActiveCfg = Debug|Any CPU
		{E113202F-D843-47AB-A237-B6494B62AC10}.Debug|Any CPU.Build.0 = Debug|Any CPU
		{E113202F-D843-47AB-A237-B6494B62AC10}.Release|Any CPU.ActiveCfg = Release|Any CPU
		{E113202F-D843-47AB-A237-B6494B62AC10}.Release|Any CPU.Build.0 = Release|Any CPU
		{141414BF-AC52-4A9B-B759-F404251D9334}.Debug|Any CPU.ActiveCfg = Debug|Any CPU
		{141414BF-AC52-4A9B-B759-F404251D9334}.Debug|Any CPU.Build.0 = Debug|Any CPU
		{141414BF-AC52-4A9B-B759-F404251D9334}.Release|Any CPU.ActiveCfg = Release|Any CPU
		{141414BF-AC52-4A9B-B759-F404251D9334}.Release|Any CPU.Build.0 = Release|Any CPU
		{C79994F0-E27B-433D-B52E-4CB8EE8AE71A}.Debug|Any CPU.ActiveCfg = Debug|Any CPU
		{C79994F0-E27B-433D-B52E-4CB8EE8AE71A}.Debug|Any CPU.Build.0 = Debug|Any CPU
		{C79994F0-E27B-433D-B52E-4CB8EE8AE71A}.Release|Any CPU.ActiveCfg = Release|Any CPU
		{C79994F0-E27B-433D-B52E-4CB8EE8AE71A}.Release|Any CPU.Build.0 = Release|Any CPU
		{89D94A3A-6E7B-4E08-9319-FC027D7707CB}.Debug|Any CPU.ActiveCfg = Debug|Any CPU
		{89D94A3A-6E7B-4E08-9319-FC027D7707CB}.Debug|Any CPU.Build.0 = Debug|Any CPU
		{89D94A3A-6E7B-4E08-9319-FC027D7707CB}.Release|Any CPU.ActiveCfg = Release|Any CPU
		{89D94A3A-6E7B-4E08-9319-FC027D7707CB}.Release|Any CPU.Build.0 = Release|Any CPU
	EndGlobalSection
	GlobalSection(SolutionProperties) = preSolution
		HideSolutionNode = FALSE
	EndGlobalSection
	GlobalSection(ExtensibilityGlobals) = postSolution
		SolutionGuid = {D9EE45CF-97E9-4483-99AF-D8555E201C6F}
	EndGlobalSection
EndGlobal
